# This file is automatically @generated by Cargo.
# It is not intended for manual editing.
version = 3

[[package]]
name = "kmp"
version = "0.1.1"
source = "registry+https://github.com/rust-lang/crates.io-index"
checksum = "131bddab59a64213cc1e9f0c5be010d7eb485951358ab7e52017888dec482028"

[[package]]
name = "rust-experiments"
version = "0.1.0"
dependencies = [
 "kmp",
]
